
Microsoft Visual Studio Solution File, Format Version 12.00
Project("{FAE04EC0-301F-11D3-BF4B-00C04F79EFBC}") = "wortlisteConverter", "WordsConverter\wortlisteConverter\wortlisteConverter.csproj", "{40A80462-9723-44AA-80B4-0E06A1AE5DAF}"
EndProject
Global
	GlobalSection(SolutionConfigurationPlatforms) = preSolution
		Debug|Any CPU = Debug|Any CPU
		Release|Any CPU = Release|Any CPU
	EndGlobalSection
	GlobalSection(ProjectConfigurationPlatforms) = postSolution
		{40A80462-9723-44AA-80B4-0E06A1AE5DAF}.Debug|Any CPU.ActiveCfg = Debug|Any CPU
		{40A80462-9723-44AA-80B4-0E06A1AE5DAF}.Debug|Any CPU.Build.0 = Debug|Any CPU
		{40A80462-9723-44AA-80B4-0E06A1AE5DAF}.Release|Any CPU.ActiveCfg = Release|Any CPU
		{40A80462-9723-44AA-80B4-0E06A1AE5DAF}.Release|Any CPU.Build.0 = Release|Any CPU
	EndGlobalSection
EndGlobal
